
Microsoft Visual Studio Solution File, Format Version 12.00
# Visual Studio Version 17
VisualStudioVersion = 17.7.34024.191
MinimumVisualStudioVersion = 10.0.40219.1
Project("{FAE04EC0-301F-11D3-BF4B-00C04F79EFBC}") = "PBKK-B-Tugas 2", "PBKK-B-Tugas 2\PBKK-B-Tugas 2.csproj", "{3D75AFA5-2458-478F-8059-29F61A701A7B}"
EndProject
Global
	GlobalSection(SolutionConfigurationPlatforms) = preSolution
		Debug|Any CPU = Debug|Any CPU
		Release|Any CPU = Release|Any CPU
	EndGlobalSection
	GlobalSection(ProjectConfigurationPlatforms) = postSolution
		{3D75AFA5-2458-478F-8059-29F61A701A7B}.Debug|Any CPU.ActiveCfg = Debug|Any CPU
		{3D75AFA5-2458-478F-8059-29F61A701A7B}.Debug|Any CPU.Build.0 = Debug|Any CPU
		{3D75AFA5-2458-478F-8059-29F61A701A7B}.Release|Any CPU.ActiveCfg = Release|Any CPU
		{3D75AFA5-2458-478F-8059-29F61A701A7B}.Release|Any CPU.Build.0 = Release|Any CPU
	EndGlobalSection
	GlobalSection(SolutionProperties) = preSolution
		HideSolutionNode = FALSE
	EndGlobalSection
	GlobalSection(ExtensibilityGlobals) = postSolution
		SolutionGuid = {A54279C8-3AA7-46A6-B5A6-5EE12F00A6BD}
	EndGlobalSection
EndGlobal
